github.com/luraproject/lura/v3 v3.0.0-20260729144624-4b3057d09348 h1:YRwdVhhjjdSqcPhBVXwbceXV6GUFcTWY9iFasOODEUE=
github.com/luraproject/lura/v3 v3.0.0-20260729144624-4b3057d09348/go.mod h1:rg4I/Oe8nxfEf5V5OpaZj1dLI8HLacHA55HO3x1S5k4=
github.com/tmthrgd/atomics v0.0.0-20180217065130-6910de195248 h1:JUDytrg3F4kx+oWd8e1Up4EHXjqgpjDoaNkCNGYZPW0=
github.com/tmthrgd/atomics v0.0.0-20180217065130-6910de195248/go.mod h1:J2+dTgaX/1g3PkyL6sLBglBWfaLmAp5bQbRhSfKw9XI=
github.com/tmthrgd/go-bitset v0.0.0-20180828125936-62ad9ed7ff29 h1:Bg9ER/PR7x7NcvNXTz+1r3rHO0gk4RqT/FB5KcQ2jUs=
github.com/tmthrgd/go-bitset v0.0.0-20180828125936-62ad9ed7ff29/go.mod h1:SooM96OIpihI7iMZhVGbpiiO9Qevqv8vXxHlwNtefd4=
github.com/tmthrgd/go-bitwise v0.0.0-20170218093117-01bef038b6bd h1:PKg5Bp8mVwropvfkNpvR1niDy+SSmH1Tg+UXMBltit0=
github.com/tmthrgd/go-bitwise v0.0.0-20170218093117-01bef038b6bd/go.mod h1:Ba4ek/h+sJUzTQ03ZGD1r0lazhxd7CBoEQzFk/icxxU=
github.com/tmthrgd/go-byte-test v0.0.0-20170223110042-2eb5216b83f7 h1:6KysdG7j6BH714qbpKiowHYZAgnAZqNKIWF/wNYU9Ls=
github.com/tmthrgd/go-byte-test v0.0.0-20170223110042-2eb5216b83f7/go.mod h1:MEz1Lt0fxSL/ZgE7VN3yUJV0sP5I5aYecYLd9y/viEs=
github.com/tmthrgd/go-hex v0.0.0-20180828131331-d1fb3dbb16a1 h1:RjxnUA5glqD1hvBTCIdDFl+IfdHlRqlXSoz6qpcY+og=
github.com/tmthrgd/go-hex v0.0.0-20180828131331-d1fb3dbb16a1/go.mod h1:bciPuU6GHm1iF1pBvUfxfsH0Wmnc2VbpgvbI9ZWuIRs=
github.com/tmthrgd/go-memset v0.0.0-20180828131805-6f4e59bf1e1d h1:gj9wtJOyhdRQ5eDC+5Ljd//pDB6gkMC7RVknqEkh8Mw=
github.com/tmthrgd/go-memset v0.0.0-20180828131805-6f4e59bf1e1d/go.mod h1:xUkvcKF3VBDKFmmqCtW333lognWBHzSScj4fgjVB0Ek=
github.com/tmthrgd/go-popcount v0.0.0-20180111143836-3918361d3e97 h1:dOZJr7CPLi1ud2U6BZWk+vtUFFzMPbKcZw6t1WxreDM=
github.com/tmthrgd/go-popcount v0.0.0-20180111143836-3918361d3e97/go.mod h1:FcUQfrsAsSSqM3n9xf4EtPzB8tWzt58/y0AV+wNNM8Q=
golang.org/x/sys v0.45.0 h1:dO4czNzziLiiXplLQgBCEpCvXQ3dnkn0SdaZSYdQ+FY=
golang.org/x/sys v0.45.0/go.mod h1:4GL1E5IUh+htKOUEOaiffhrAeqysfVGipDYzABqnCmw=
golang.org/x/text v0.37.0 h1:Cqjiwd9eSg8e0QAkyCaQTNHFIIzWtidPahFWR83rTrc=
golang.org/x/text v0.37.0/go.mod h1:a5sjxXGs9hsn/AJVwuElvCAo9v8QYLzvavO5z2PiM38=
