github.com/devopsfaith/krakend v0.0.0-20180407114112-8c69c03a022a/go.mod h1:yxQ154W+9WspAsoGcnsttb30YJHuSbDZivUdLH09PiA=
github.com/devopsfaith/krakend-gologging v0.0.0-20171110154510-96e1a9d5f586/go.mod h1:O53XYeTCsKcBEtqhe7VMnF0z7ssInwNsC72j9M/fH7Y=
github.com/go-contrib/uuid v1.2.0/go.mod h1:R9zf5oXjEfersQve5ceWY37X8JR3qtDTU2WSVxbWXGE=
github.com/hashicorp/consul v1.0.7/go.mod h1:mFrjN1mfidgJfYP1xrJCF+AfRhr6Eaqhb2+sfyn/OOI=
github.com/hashicorp/go-cleanhttp v0.0.0-20171218145408-d5fe4b57a186/go.mod h1:JpRdi6/HCYpAwUzNwuwqhbovhLtngrth3wmdIIUrZ80=
github.com/hashicorp/go-rootcerts v0.0.0-20160503143440-6bb64b370b90/go.mod h1:o4zcYY1e0GEZI6eSEr+43QDYmuGglw1qSO6qdHUHCgg=
github.com/hashicorp/serf v0.8.1/go.mod h1:h/Ru6tmZazX7WO/GDmwdpS975F019L4t5ng5IgwbNrE=
github.com/letgoapp/krakend-consul v0.0.0-20180406153423-b4d135ce6994/go.mod h1:cFcys9MH7oD42Dw7NVy/971Sn4zuCmtE/XjwVgk3Srw=
github.com/mitchellh/go-homedir v0.0.0-20161203194507-b8bc1bf76747/go.mod h1:SfyaCUpYCn1Vlf4IUYiD9fPX4A5wJrkLzIz1N1q0pr0=
github.com/op/go-logging v0.0.0-20160315200505-970db520ece7/go.mod h1:HzydrMdWErDVzsI23lYNej1Htcns9BCg93Dk0bBINWk=
github.com/tmthrgd/asm v0.0.0-20180106020940-4be3ab5ca701/go.mod h1:eH36fdzMoEurHdB3rmh4o3AGc67+EDT2TGaYzwdqTe4=
github.com/tmthrgd/atomics v0.0.0-20180217065130-6910de195248 h1:JUDytrg3F4kx+oWd8e1Up4EHXjqgpjDoaNkCNGYZPW0=
github.com/tmthrgd/atomics v0.0.0-20180217065130-6910de195248/go.mod h1:J2+dTgaX/1g3PkyL6sLBglBWfaLmAp5bQbRhSfKw9XI=
github.com/tmthrgd/go-bitset v0.0.0-20180828125936-62ad9ed7ff29 h1:Bg9ER/PR7x7NcvNXTz+1r3rHO0gk4RqT/FB5KcQ2jUs=
github.com/tmthrgd/go-bitset v0.0.0-20180828125936-62ad9ed7ff29/go.mod h1:SooM96OIpihI7iMZhVGbpiiO9Qevqv8vXxHlwNtefd4=
github.com/tmthrgd/go-bitwise v0.0.0-20170218093117-01bef038b6bd h1:PKg5Bp8mVwropvfkNpvR1niDy+SSmH1Tg+UXMBltit0=
github.com/tmthrgd/go-bitwise v0.0.0-20170218093117-01bef038b6bd/go.mod h1:Ba4ek/h+sJUzTQ03ZGD1r0lazhxd7CBoEQzFk/icxxU=
github.com/tmthrgd/go-byte-test v0.0.0-20170223110042-2eb5216b83f7 h1:6KysdG7j6BH714qbpKiowHYZAgnAZqNKIWF/wNYU9Ls=
github.com/tmthrgd/go-byte-test v0.0.0-20170223110042-2eb5216b83f7/go.mod h1:MEz1Lt0fxSL/ZgE7VN3yUJV0sP5I5aYecYLd9y/viEs=
github.com/tmthrgd/go-hex v0.0.0-20180828131331-d1fb3dbb16a1 h1:RjxnUA5glqD1hvBTCIdDFl+IfdHlRqlXSoz6qpcY+og=
github.com/tmthrgd/go-hex v0.0.0-20180828131331-d1fb3dbb16a1/go.mod h1:bciPuU6GHm1iF1pBvUfxfsH0Wmnc2VbpgvbI9ZWuIRs=
github.com/tmthrgd/go-memset v0.0.0-20180828131805-6f4e59bf1e1d h1:gj9wtJOyhdRQ5eDC+5Ljd//pDB6gkMC7RVknqEkh8Mw=
github.com/tmthrgd/go-memset v0.0.0-20180828131805-6f4e59bf1e1d/go.mod h1:xUkvcKF3VBDKFmmqCtW333lognWBHzSScj4fgjVB0Ek=
github.com/tmthrgd/go-popcount v0.0.0-20180111143836-3918361d3e97 h1:dOZJr7CPLi1ud2U6BZWk+vtUFFzMPbKcZw6t1WxreDM=
github.com/tmthrgd/go-popcount v0.0.0-20180111143836-3918361d3e97/go.mod h1:FcUQfrsAsSSqM3n9xf4EtPzB8tWzt58/y0AV+wNNM8Q=
golang.org/x/sys v0.0.0-20180909124046-d0be0721c37e h1:o3PsSEY8E4eXWkXrIP9YJALUkVZqzHJT5DOasTyn8Vs=
golang.org/x/sys v0.0.0-20180909124046-d0be0721c37e/go.mod h1:STP8DvDyc/dI5b8T5hshtkjS+E42TnysNCUPdjciGhY=
