# This file is autogenerated, do not edit; changes may be undone by the next 'dep ensure'.


[[projects]]
  branch = "master"
  digest = "1:ee10dbc06c8cbc72ba446d933b6e12738afaba3e0572a6d1b21623bfe87e7370"
  name = "github.com/devopsfaith/krakend"
  packages = [
    "config",
    "encoding",
    "logging",
    "sd",
    "sd/dnssrv",
  ]
  pruneopts = "UT"
  revision = "8c69c03a022a7bfb9aace70745698c6b70435788"

[[projects]]
  branch = "master"
  digest = "1:e654bfcea34ab1736ad64641e61af07383a624272b0012367efd59f3a7a18132"
  name = "github.com/devopsfaith/krakend-gologging"
  packages = ["."]
  pruneopts = "UT"
  revision = "96e1a9d5f586cac9b6ddb5de999527d64630181c"

[[projects]]
  digest = "1:274f67cb6fed9588ea2521ecdac05a6d62a8c51c074c1fccc6a49a40ba80e925"
  name = "github.com/go-contrib/uuid"
  packages = ["."]
  pruneopts = "UT"
  revision = "f58768cc1a7a7e77a3bd49e98cdd21419399b6a3"
  version = "v1.2.0"

[[projects]]
  digest = "1:7d9085638f210faa86720b5fe8c4cd9303edb853ed93929852a4384a4e6c956f"
  name = "github.com/hashicorp/consul"
  packages = ["api"]
  pruneopts = "UT"
  revision = "fb848fc48818f58690db09d14640513aa6bf3c02"
  version = "v1.0.7"

[[projects]]
  branch = "master"
  digest = "1:77cb3be9b21ba7f1a4701e870c84ea8b66e7d74c7c8951c58155fdadae9414ec"
  name = "github.com/hashicorp/go-cleanhttp"
  packages = ["."]
  pruneopts = "UT"
  revision = "d5fe4b57a186c716b0e00b8c301cbd9b4182694d"

[[projects]]
  branch = "master"
  digest = "1:45aad874d3c7d5e8610427c81870fb54970b981692930ec2a319ce4cb89d7a00"
  name = "github.com/hashicorp/go-rootcerts"
  packages = ["."]
  pruneopts = "UT"
  revision = "6bb64b370b90e7ef1fa532be9e591a81c3493e00"

[[projects]]
  digest = "1:0dd7b7b01769f9df356dc99f9e4144bdbabf6c79041ea7c0892379c5737f3c44"
  name = "github.com/hashicorp/serf"
  packages = ["coordinate"]
  pruneopts = "UT"
  revision = "d6574a5bb1226678d7010325fb6c985db20ee458"
  version = "v0.8.1"

[[projects]]
  branch = "master"
  digest = "1:3a6444d7e2c10b6b0348eb517b0cabf225ea0843a73c66db71af3182b91fc3a0"
  name = "github.com/letgoapp/krakend-consul"
  packages = ["."]
  pruneopts = "UT"
  revision = "b4d135ce6994ddd43d0d292e5bc2fc75baa1e9c9"

[[projects]]
  branch = "master"
  digest = "1:12ae6210bdbdad658a9a67fd95cd9c99f7fdbf12f6d36eaf0af704e69dacf4f5"
  name = "github.com/mitchellh/go-homedir"
  packages = ["."]
  pruneopts = "UT"
  revision = "b8bc1bf767474819792c23f32d8286a45736f1c6"

[[projects]]
  digest = "1:41f3b549dbb8216e490c27926c09dc055aa509b3476e7cbc3317103990b13aeb"
  name = "github.com/op/go-logging"
  packages = ["."]
  pruneopts = "UT"
  revision = "970db520ece77730c7e4724c61121037378659d9"

[[projects]]
  branch = "master"
  digest = "1:c25738de77424e193ec4a05e0be75e83d0671d83c122959da27879e86b1122c9"
  name = "github.com/tmthrgd/asm"
  packages = ["."]
  pruneopts = "UT"
  revision = "4be3ab5ca701563b932e93c3f3b58aad8b5ed230"

[[projects]]
  branch = "master"
  digest = "1:649643a594f9bd935630abae81def1dfeec285169752d63678899c83fc6d4e4e"
  name = "github.com/tmthrgd/atomics"
  packages = ["."]
  pruneopts = "UT"
  revision = "6910de195248d94fb2304103b0466f7e756abd63"

[[projects]]
  branch = "master"
  digest = "1:2fa1cec6ef390f6f5a490a1365f2b90c674aef35a02e743f2faa3d8f04312ee4"
  name = "github.com/tmthrgd/go-bitset"
  packages = [
    ".",
    "internal/bitwise",
  ]
  pruneopts = "UT"
  revision = "62ad9ed7ff29ccce43a833aad11396ffc35d0bbd"

[[projects]]
  branch = "master"
  digest = "1:6addb987a766a8629a2ee7e2d571bd0b74e0f59098ecaee72b6fa6d2da69cdeb"
  name = "github.com/tmthrgd/go-bitwise"
  packages = ["."]
  pruneopts = "UT"
  revision = "01bef038b6bd65962895f1c8405d1a727b3f4856"

[[projects]]
  branch = "master"
  digest = "1:2a9eb3ee22f5a948d1e70f8614232b7406ee9b502b831904245db126d4a1d586"
  name = "github.com/tmthrgd/go-byte-test"
  packages = ["."]
  pruneopts = "UT"
  revision = "2eb5216b83f7583e97cb0d137b7b63ce72cbb654"

[[projects]]
  branch = "master"
  digest = "1:731d0568c5c0682e605a4e5c5cdae3ca351b33601f8c3adaca22f3d6987e6ab4"
  name = "github.com/tmthrgd/go-hex"
  packages = ["."]
  pruneopts = "UT"
  revision = "d1fb3dbb16a1d00be1dec2027f83714c7bd920f1"

[[projects]]
  branch = "master"
  digest = "1:7855ffbc876650c1beab776feed3a41c1988f94610fc0fe0e734ece202387126"
  name = "github.com/tmthrgd/go-memset"
  packages = ["."]
  pruneopts = "UT"
  revision = "7cfc73a3a28b4a6d6bd2a40dc00268ae6afe66be"

[[projects]]
  branch = "master"
  digest = "1:72a1cd6df392c5bf0ea543b300b0186c503b3a432a7b445237fdb85ceb72dcc9"
  name = "github.com/tmthrgd/go-popcount"
  packages = ["."]
  pruneopts = "UT"
  revision = "3918361d3e9781714bbdb3ad9c11de4fa5c73d34"

[[projects]]
  branch = "master"
  digest = "1:8392490b249a3602a13813be12324d3b16eca044ae185ff32cdd9e267706e208"
  name = "golang.org/x/sys"
  packages = ["cpu"]
  pruneopts = "UT"
  revision = "d0be0721c37eeb5299f245a996a483160fc36940"

[solve-meta]
  analyzer-name = "dep"
  analyzer-version = 1
  input-imports = [
    "github.com/devopsfaith/krakend-gologging",
    "github.com/devopsfaith/krakend/config",
    "github.com/devopsfaith/krakend/logging",
    "github.com/letgoapp/krakend-consul",
    "github.com/tmthrgd/go-bitset",
  ]
  solver-name = "gps-cdcl"
  solver-version = 1
