# This file is autogenerated, do not edit; changes may be undone by the next 'dep ensure'.


[[projects]]
  branch = "master"
  name = "github.com/tmthrgd/asm"
  packages = ["."]
  revision = "4be3ab5ca701563b932e93c3f3b58aad8b5ed230"

[[projects]]
  branch = "master"
  name = "github.com/tmthrgd/atomics"
  packages = ["."]
  revision = "6910de195248d94fb2304103b0466f7e756abd63"

[[projects]]
  branch = "master"
  name = "github.com/tmthrgd/go-bitset"
  packages = [
    ".",
    "internal/bitwise"
  ]
  revision = "4d1be735fbfbc2429d0e60f6f4a9ca193b9fe7a9"

[[projects]]
  branch = "master"
  name = "github.com/tmthrgd/go-bitwise"
  packages = ["."]
  revision = "01bef038b6bd65962895f1c8405d1a727b3f4856"

[[projects]]
  branch = "master"
  name = "github.com/tmthrgd/go-byte-test"
  packages = ["."]
  revision = "2eb5216b83f7583e97cb0d137b7b63ce72cbb654"

[[projects]]
  branch = "master"
  name = "github.com/tmthrgd/go-hex"
  packages = ["."]
  revision = "13ed8ac0738b1390630f86f6bf0943730c6d8037"

[[projects]]
  branch = "master"
  name = "github.com/tmthrgd/go-memset"
  packages = ["."]
  revision = "7cfc73a3a28b4a6d6bd2a40dc00268ae6afe66be"

[[projects]]
  branch = "master"
  name = "github.com/tmthrgd/go-popcount"
  packages = ["."]
  revision = "3918361d3e9781714bbdb3ad9c11de4fa5c73d34"

[solve-meta]
  analyzer-name = "dep"
  analyzer-version = 1
  inputs-digest = "bdee1a5ceb41a4d1f37619f30aa52151161654adb17a1a7adb71c4f974027d01"
  solver-name = "gps-cdcl"
  solver-version = 1
